lockfileVersion: '9.0'

settings:
  autoInstallPeers: true
  excludeLinksFromLockfile: false

importers:

  .:
    devDependencies:
      miniprogram-api-typings:
        specifier: ^4.0.4
        version: 4.0.4

packages:

  miniprogram-api-typings@4.0.4:
    resolution: {integrity: sha512-51SElLHA9t7/v54IFVjZcbeP04dQL4HreCvBLt3XGA3qruKRT9gvBtBvHXfOjXbhjVd6Vy2myOg/0LELPWmhfg==}

snapshots:

  miniprogram-api-typings@4.0.4: {}
